
Microsoft Visual Studio Solution File, Format Version 12.00
# Visual Studio Version 17
VisualStudioVersion = 17.3.32825.248
MinimumVisualStudioVersion = 10.0.40219.1
Project("{FAE04EC0-301F-11D3-BF4B-00C04F79EFBC}") = "LR 3", "LR 3\LR 3.csproj", "{B81CB113-F480-4ACA-982E-61A04E4FE12E}"
EndProject
Global
	GlobalSection(SolutionConfigurationPlatforms) = preSolution
		Debug|Any CPU = Debug|Any CPU
		Release|Any CPU = Release|Any CPU
	EndGlobalSection
	GlobalSection(ProjectConfigurationPlatforms) = postSolution
		{B81CB113-F480-4ACA-982E-61A04E4FE12E}.Debug|Any CPU.ActiveCfg = Debug|Any CPU
		{B81CB113-F480-4ACA-982E-61A04E4FE12E}.Debug|Any CPU.Build.0 = Debug|Any CPU
		{B81CB113-F480-4ACA-982E-61A04E4FE12E}.Release|Any CPU.ActiveCfg = Release|Any CPU
		{B81CB113-F480-4ACA-982E-61A04E4FE12E}.Release|Any CPU.Build.0 = Release|Any CPU
	EndGlobalSection
	GlobalSection(SolutionProperties) = preSolution
		HideSolutionNode = FALSE
	EndGlobalSection
	GlobalSection(ExtensibilityGlobals) = postSolution
		SolutionGuid = {3103C733-7F0C-4D71-99E8-D6BEBBDAA04C}
	EndGlobalSection
EndGlobal
